
Microsoft Visual Studio Solution File, Format Version 12.00
# Visual Studio Version 17
VisualStudioVersion = 17.11.35327.3
MinimumVisualStudioVersion = 10.0.40219.1
Project("{FAE04EC0-301F-11D3-BF4B-00C04F79EFBC}") = "Компьютерный практикум №11", "Компьютерный практикум №11\Компьютерный практикум №11.csproj", "{2E6E96CD-3940-4850-AFA1-4FAA47C4A840}"
EndProject
Global
	GlobalSection(SolutionConfigurationPlatforms) = preSolution
		Debug|Any CPU = Debug|Any CPU
		Release|Any CPU = Release|Any CPU
	EndGlobalSection
	GlobalSection(ProjectConfigurationPlatforms) = postSolution
		{2E6E96CD-3940-4850-AFA1-4FAA47C4A840}.Debug|Any CPU.ActiveCfg = Debug|Any CPU
		{2E6E96CD-3940-4850-AFA1-4FAA47C4A840}.Debug|Any CPU.Build.0 = Debug|Any CPU
		{2E6E96CD-3940-4850-AFA1-4FAA47C4A840}.Release|Any CPU.ActiveCfg = Release|Any CPU
		{2E6E96CD-3940-4850-AFA1-4FAA47C4A840}.Release|Any CPU.Build.0 = Release|Any CPU
	EndGlobalSection
	GlobalSection(SolutionProperties) = preSolution
		HideSolutionNode = FALSE
	EndGlobalSection
	GlobalSection(ExtensibilityGlobals) = postSolution
		SolutionGuid = {0D81B157-79C1-4C43-A5B9-0246864B2600}
	EndGlobalSection
EndGlobal
